GEM
  remote: https://rubygems.org/
  specs:
    actionpack (7.1.0)
    activerecord (7.1.0)
    devise (4.9.3)
    faraday (2.9.0)
    pg (1.5.4)
    rails (7.1.0)
      actionpack (= 7.1.0)
      activerecord (= 7.1.0)
    sentry-ruby (5.16.1)
    stripe (10.0.0)

PLATFORMS
  ruby

DEPENDENCIES
  devise (~> 4.9)
  faraday (~> 2.9)
  pg (~> 1.5)
  rails (~> 7.1)
  sentry-ruby (~> 5.16)
  stripe (~> 10.0)

BUNDLED WITH
   2.4.22
