GEM
  remote: https://rubygems.org/
  specs:
    aws-sdk-s3 (1.188.0)
    rails (7.1.5)
    rspec (3.13.0)
    rubocop (1.75.2)
    sentry-ruby (5.22.2)
    stripe (13.2.0)
    googleauth (1.15.0)
    twitter (8.0.0)
    twilio-ruby (7.8.0)

PLATFORMS
  ruby

DEPENDENCIES
  aws-sdk-s3
  rails (~> 7.1)
  rspec
  rubocop
  sentry-ruby
  stripe
  googleauth
  twitter
  twilio-ruby

BUNDLED WITH
   2.6.7
